
Microsoft Visual Studio Solution File, Format Version 12.00
# Visual Studio Version 17
VisualStudioVersion = 17.0.31903.59
MinimumVisualStudioVersion = 10.0.40219.1
Project("{FAE04EC0-301F-11D3-BF4B-00C04F79EFBC}") = "FineCollectionService", "FineCollectionService\FineCollectionService.csproj", "{D2D76519-94FC-4BCA-B45B-23C37628DA90}"
EndProject
Project("{FAE04EC0-301F-11D3-BF4B-00C04F79EFBC}") = "Simulation", "Simulation\Simulation.csproj", "{63F1D157-81E5-4625-9D62-945F1C603C48}"
EndProject
Project("{FAE04EC0-301F-11D3-BF4B-00C04F79EFBC}") = "TrafficControlService", "TrafficControlService\TrafficControlService.csproj", "{C12BE489-F9A9-4BE9-8E25-1D90928389E1}"
EndProject
Project("{FAE04EC0-301F-11D3-BF4B-00C04F79EFBC}") = "VehicleRegistrationService", "VehicleRegistrationService\VehicleRegistrationService.csproj", "{4FD02D1D-DE9A-4BA6-B4C9-B7324D882E70}"
EndProject
Global
	GlobalSection(SolutionConfigurationPlatforms) = preSolution
		Debug|Any CPU = Debug|Any CPU
		Release|Any CPU = Release|Any CPU
	EndGlobalSection
	GlobalSection(SolutionProperties) = preSolution
		HideSolutionNode = FALSE
	EndGlobalSection
	GlobalSection(ProjectConfigurationPlatforms) = postSolution
		{D2D76519-94FC-4BCA-B45B-23C37628DA90}.Debug|Any CPU.ActiveCfg = Debug|Any CPU
		{D2D76519-94FC-4BCA-B45B-23C37628DA90}.Debug|Any CPU.Build.0 = Debug|Any CPU
		{D2D76519-94FC-4BCA-B45B-23C37628DA90}.Release|Any CPU.ActiveCfg = Release|Any CPU
		{D2D76519-94FC-4BCA-B45B-23C37628DA90}.Release|Any CPU.Build.0 = Release|Any CPU
		{63F1D157-81E5-4625-9D62-945F1C603C48}.Debug|Any CPU.ActiveCfg = Debug|Any CPU
		{63F1D157-81E5-4625-9D62-945F1C603C48}.Debug|Any CPU.Build.0 = Debug|Any CPU
		{63F1D157-81E5-4625-9D62-945F1C603C48}.Release|Any CPU.ActiveCfg = Release|Any CPU
		{63F1D157-81E5-4625-9D62-945F1C603C48}.Release|Any CPU.Build.0 = Release|Any CPU
		{C12BE489-F9A9-4BE9-8E25-1D90928389E1}.Debug|Any CPU.ActiveCfg = Debug|Any CPU
		{C12BE489-F9A9-4BE9-8E25-1D90928389E1}.Debug|Any CPU.Build.0 = Debug|Any CPU
		{C12BE489-F9A9-4BE9-8E25-1D90928389E1}.Release|Any CPU.ActiveCfg = Release|Any CPU
		{C12BE489-F9A9-4BE9-8E25-1D90928389E1}.Release|Any CPU.Build.0 = Release|Any CPU
		{4FD02D1D-DE9A-4BA6-B4C9-B7324D882E70}.Debug|Any CPU.ActiveCfg = Debug|Any CPU
		{4FD02D1D-DE9A-4BA6-B4C9-B7324D882E70}.Debug|Any CPU.Build.0 = Debug|Any CPU
		{4FD02D1D-DE9A-4BA6-B4C9-B7324D882E70}.Release|Any CPU.ActiveCfg = Release|Any CPU
		{4FD02D1D-DE9A-4BA6-B4C9-B7324D882E70}.Release|Any CPU.Build.0 = Release|Any CPU
	EndGlobalSection
EndGlobal
